
Microsoft Visual Studio Solution File, Format Version 12.00
# Visual Studio Version 17
VisualStudioVersion = 17.9.34616.47
MinimumVisualStudioVersion = 10.0.40219.1
Project("{8BC9CEB8-8B4A-11D0-8D11-00A0C91BC942}") = "static", "static\static.vcxproj", "{2950E9B2-8D8B-43CC-842B-FDF4EE1F6D59}"
EndProject
Project("{8BC9CEB8-8B4A-11D0-8D11-00A0C91BC942}") = "staticfunction", "staticfunction\staticfunction.vcxproj", "{39B0D21B-75A6-4C68-8484-9F2719D182EB}"
EndProject
Project("{8BC9CEB8-8B4A-11D0-8D11-00A0C91BC942}") = "Constructor", "Constructor\Constructor.vcxproj", "{5CF34857-18A3-483C-8052-AE4BC09C2F89}"
EndProject
Project("{8BC9CEB8-8B4A-11D0-8D11-00A0C91BC942}") = "Destructor", "Destructor\Destructor.vcxproj", "{0FE141B2-4EE5-4E0B-99AA-930CD36BBC08}"
EndProject
Project("{8BC9CEB8-8B4A-11D0-8D11-00A0C91BC942}") = "chainfunction", "chainfunction\chainfunction.vcxproj", "{701C6CDB-E135-4A1C-A8E8-6130487A0840}"
EndProject
Global
	GlobalSection(SolutionConfigurationPlatforms) = preSolution
		Debug|x64 = Debug|x64
		Debug|x86 = Debug|x86
		Release|x64 = Release|x64
		Release|x86 = Release|x86
	EndGlobalSection
	GlobalSection(ProjectConfigurationPlatforms) = postSolution
		{2950E9B2-8D8B-43CC-842B-FDF4EE1F6D59}.Debug|x64.ActiveCfg = Debug|x64
		{2950E9B2-8D8B-43CC-842B-FDF4EE1F6D59}.Debug|x64.Build.0 = Debug|x64
		{2950E9B2-8D8B-43CC-842B-FDF4EE1F6D59}.Debug|x86.ActiveCfg = Debug|Win32
		{2950E9B2-8D8B-43CC-842B-FDF4EE1F6D59}.Debug|x86.Build.0 = Debug|Win32
		{2950E9B2-8D8B-43CC-842B-FDF4EE1F6D59}.Release|x64.ActiveCfg = Release|x64
		{2950E9B2-8D8B-43CC-842B-FDF4EE1F6D59}.Release|x64.Build.0 = Release|x64
		{2950E9B2-8D8B-43CC-842B-FDF4EE1F6D59}.Release|x86.ActiveCfg = Release|Win32
		{2950E9B2-8D8B-43CC-842B-FDF4EE1F6D59}.Release|x86.Build.0 = Release|Win32
		{39B0D21B-75A6-4C68-8484-9F2719D182EB}.Debug|x64.ActiveCfg = Debug|x64
		{39B0D21B-75A6-4C68-8484-9F2719D182EB}.Debug|x64.Build.0 = Debug|x64
		{39B0D21B-75A6-4C68-8484-9F2719D182EB}.Debug|x86.ActiveCfg = Debug|Win32
		{39B0D21B-75A6-4C68-8484-9F2719D182EB}.Debug|x86.Build.0 = Debug|Win32
		{39B0D21B-75A6-4C68-8484-9F2719D182EB}.Release|x64.ActiveCfg = Release|x64
		{39B0D21B-75A6-4C68-8484-9F2719D182EB}.Release|x64.Build.0 = Release|x64
		{39B0D21B-75A6-4C68-8484-9F2719D182EB}.Release|x86.ActiveCfg = Release|Win32
		{39B0D21B-75A6-4C68-8484-9F2719D182EB}.Release|x86.Build.0 = Release|Win32
		{5CF34857-18A3-483C-8052-AE4BC09C2F89}.Debug|x64.ActiveCfg = Debug|x64
		{5CF34857-18A3-483C-8052-AE4BC09C2F89}.Debug|x64.Build.0 = Debug|x64
		{5CF34857-18A3-483C-8052-AE4BC09C2F89}.Debug|x86.ActiveCfg = Debug|Win32
		{5CF34857-18A3-483C-8052-AE4BC09C2F89}.Debug|x86.Build.0 = Debug|Win32
		{5CF34857-18A3-483C-8052-AE4BC09C2F89}.Release|x64.ActiveCfg = Release|x64
		{5CF34857-18A3-483C-8052-AE4BC09C2F89}.Release|x64.Build.0 = Release|x64
		{5CF34857-18A3-483C-8052-AE4BC09C2F89}.Release|x86.ActiveCfg = Release|Win32
		{5CF34857-18A3-483C-8052-AE4BC09C2F89}.Release|x86.Build.0 = Release|Win32
		{0FE141B2-4EE5-4E0B-99AA-930CD36BBC08}.Debug|x64.ActiveCfg = Debug|x64
		{0FE141B2-4EE5-4E0B-99AA-930CD36BBC08}.Debug|x64.Build.0 = Debug|x64
		{0FE141B2-4EE5-4E0B-99AA-930CD36BBC08}.Debug|x86.ActiveCfg = Debug|Win32
		{0FE141B2-4EE5-4E0B-99AA-930CD36BBC08}.Debug|x86.Build.0 = Debug|Win32
		{0FE141B2-4EE5-4E0B-99AA-930CD36BBC08}.Release|x64.ActiveCfg = Release|x64
		{0FE141B2-4EE5-4E0B-99AA-930CD36BBC08}.Release|x64.Build.0 = Release|x64
		{0FE141B2-4EE5-4E0B-99AA-930CD36BBC08}.Release|x86.ActiveCfg = Release|Win32
		{0FE141B2-4EE5-4E0B-99AA-930CD36BBC08}.Release|x86.Build.0 = Release|Win32
		{701C6CDB-E135-4A1C-A8E8-6130487A0840}.Debug|x64.ActiveCfg = Debug|x64
		{701C6CDB-E135-4A1C-A8E8-6130487A0840}.Debug|x64.Build.0 = Debug|x64
		{701C6CDB-E135-4A1C-A8E8-6130487A0840}.Debug|x86.ActiveCfg = Debug|Win32
		{701C6CDB-E135-4A1C-A8E8-6130487A0840}.Debug|x86.Build.0 = Debug|Win32
		{701C6CDB-E135-4A1C-A8E8-6130487A0840}.Release|x64.ActiveCfg = Release|x64
		{701C6CDB-E135-4A1C-A8E8-6130487A0840}.Release|x64.Build.0 = Release|x64
		{701C6CDB-E135-4A1C-A8E8-6130487A0840}.Release|x86.ActiveCfg = Release|Win32
		{701C6CDB-E135-4A1C-A8E8-6130487A0840}.Release|x86.Build.0 = Release|Win32
	EndGlobalSection
	GlobalSection(SolutionProperties) = preSolution
		HideSolutionNode = FALSE
	EndGlobalSection
	GlobalSection(ExtensibilityGlobals) = postSolution
		SolutionGuid = {323EF2F6-BA25-4469-A379-6771A7E3E04C}
	EndGlobalSection
EndGlobal
